PODS:
  - atomic_sdk_flutter (1.0.0):
    - AtomicSDK (= 24.2.0)
    - Flutter
  - AtomicSDK (24.2.0)
  - Flutter (1.0.0)

DEPENDENCIES:
  - atomic_sdk_flutter (from `.symlinks/plugins/atomic_sdk_flutter/ios`)
  - AtomicSDK (= 24.2.0)
  - Flutter (from `Flutter`)

SPEC REPOS:
  https://github.com/atomic-app/action-cards-ios-sdk-specs.git:
    - AtomicSDK

EXTERNAL SOURCES:
  atomic_sdk_flutter:
    :path: ".symlinks/plugins/atomic_sdk_flutter/ios"
  Flutter:
    :path: Flutter

SPEC CHECKSUMS:
  atomic_sdk_flutter: 80746290f1700e76655760b33d0a106d98ba1de6
  AtomicSDK: 7673e721b8d658ca9ddb0bb2b37b903c05202967
  Flutter: e0871f40cf51350855a761d2e70bf5af5b9b5de7

PODFILE CHECKSUM: 20d73c85e04ad6e64fc350c85cc2042a46429669

COCOAPODS: 1.15.2
